<?xml version="1.0" encoding="utf-8"?>
<Project ToolsVersion="4.0" xmlns="http://schemas.microsoft.com/developer/msbuild/2003">
  <ItemGroup>
    <Filter Include="Исходные файлы">
      <UniqueIdentifier>{4FC737F1-C7A5-4376-A066-2A32D752A2FF}</UniqueIdentifier>
      <Extensions>cpp;c;cc;cxx;c++;cppm;ixx;def;odl;idl;hpj;bat;asm;asmx</Extensions>
    </Filter>
    <Filter Include="Файлы заголовков">
      <UniqueIdentifier>{93995380-89BD-4b04-88EB-625FBE52EBFB}</UniqueIdentifier>
      <Extensions>h;hh;hpp;hxx;h++;hm;inl;inc;ipp;xsd</Extensions>
    </Filter>
    <Filter Include="Файлы ресурсов">
      <UniqueIdentifier>{67DA6AB6-F800-4c08-8B7A-83BB121AAD01}</UniqueIdentifier>
      <Extensions>rc;ico;cur;bmp;dlg;rc2;rct;bin;rgs;gif;jpg;jpeg;jpe;resx;tiff;tif;png;wav;mfcribbon-ms</Extensions>
    </Filter>
    <Filter Include="Исходные файлы\text_files">
      <UniqueIdentifier>{8f563a76-51ae-4f74-b96d-479f3c813063}</UniqueIdentifier>
    </Filter>
    <Filter Include="Исходные файлы\text_files\tests">
      <UniqueIdentifier>{b7712ad2-8c00-4127-9715-e8344197e8bd}</UniqueIdentifier>
    </Filter>
    <Filter Include="Исходные файлы\text_files\outputs">
      <UniqueIdentifier>{38c2aa6a-dd55-4ddd-b07c-ab8898eb1bdc}</UniqueIdentifier>
    </Filter>
  </ItemGroup>
  <ItemGroup>
    <ClCompile Include="main.cpp">
      <Filter>Исходные файлы</Filter>
    </ClCompile>
  </ItemGroup>
  <ItemGroup>
    <Text Include="input.txt">
      <Filter>Исходные файлы\text_files\tests</Filter>
    </Text>
    <Text Include="input2.txt">
      <Filter>Исходные файлы\text_files\tests</Filter>
    </Text>
    <Text Include="input3.txt">
      <Filter>Исходные файлы\text_files\tests</Filter>
    </Text>
    <Text Include="input4.txt">
      <Filter>Исходные файлы\text_files\tests</Filter>
    </Text>
    <Text Include="input5.txt">
      <Filter>Исходные файлы\text_files\tests</Filter>
    </Text>
    <Text Include="input5_insertion_sort_output.txt">
      <Filter>Исходные файлы\text_files\outputs</Filter>
    </Text>
    <Text Include="input5_shell_sort_output.txt">
      <Filter>Исходные файлы\text_files\outputs</Filter>
    </Text>
    <Text Include="familii.txt">
      <Filter>Исходные файлы\text_files</Filter>
    </Text>
    <Text Include="imena.txt">
      <Filter>Исходные файлы\text_files</Filter>
    </Text>
    <Text Include="otchestva.txt">
      <Filter>Исходные файлы\text_files</Filter>
    </Text>
    <Text Include="random_items.txt">
      <Filter>Исходные файлы\text_files\tests</Filter>
    </Text>
  </ItemGroup>
  <ItemGroup>
    <ClInclude Include="Group.h">
      <Filter>Файлы заголовков</Filter>
    </ClInclude>
    <ClInclude Include="FIO.h">
      <Filter>Файлы заголовков</Filter>
    </ClInclude>
    <ClInclude Include="Item.h">
      <Filter>Файлы заголовков</Filter>
    </ClInclude>
    <ClInclude Include="sorts.h">
      <Filter>Файлы заголовков</Filter>
    </ClInclude>
    <ClInclude Include="util.h">
      <Filter>Файлы заголовков</Filter>
    </ClInclude>
  </ItemGroup>
</Project>